
Microsoft Visual Studio Solution File, Format Version 12.00
# Visual Studio Version 17
VisualStudioVersion = 17.9.34607.119
MinimumVisualStudioVersion = 10.0.40219.1
Project("{FAE04EC0-301F-11D3-BF4B-00C04F79EFBC}") = "ApiPlay", "ApiPlay\ApiPlay.csproj", "{F8C7F1AA-E484-4F2C-BDF1-1B4154817FB6}"
EndProject
Global
	GlobalSection(SolutionConfigurationPlatforms) = preSolution
		Debug|Any CPU = Debug|Any CPU
		Release|Any CPU = Release|Any CPU
	EndGlobalSection
	GlobalSection(ProjectConfigurationPlatforms) = postSolution
		{F8C7F1AA-E484-4F2C-BDF1-1B4154817FB6}.Debug|Any CPU.ActiveCfg = Debug|Any CPU
		{F8C7F1AA-E484-4F2C-BDF1-1B4154817FB6}.Debug|Any CPU.Build.0 = Debug|Any CPU
		{F8C7F1AA-E484-4F2C-BDF1-1B4154817FB6}.Release|Any CPU.ActiveCfg = Release|Any CPU
		{F8C7F1AA-E484-4F2C-BDF1-1B4154817FB6}.Release|Any CPU.Build.0 = Release|Any CPU
	EndGlobalSection
	GlobalSection(SolutionProperties) = preSolution
		HideSolutionNode = FALSE
	EndGlobalSection
	GlobalSection(ExtensibilityGlobals) = postSolution
		SolutionGuid = {0AD27CE0-5FDF-4D3B-91DD-8DC53EE2F512}
	EndGlobalSection
EndGlobal
